Microsoft Visual Studio Solution File, Format Version 12.00
# Visual Studio 2012
Project("{FAE04EC0-301F-11D3-BF4B-00C04F79EFBC}") = "GodotMaze", "GodotMaze.csproj", "{38AC0A9C-2219-4231-95E8-DFEEBE99227C}"
EndProject
Global
	GlobalSection(SolutionConfigurationPlatforms) = preSolution
	Debug|Any CPU = Debug|Any CPU
	ExportDebug|Any CPU = ExportDebug|Any CPU
	ExportRelease|Any CPU = ExportRelease|Any CPU
	EndGlobalSection
	GlobalSection(ProjectConfigurationPlatforms) = postSolution
		{38AC0A9C-2219-4231-95E8-DFEEBE99227C}.Debug|Any CPU.ActiveCfg = Debug|Any CPU
		{38AC0A9C-2219-4231-95E8-DFEEBE99227C}.Debug|Any CPU.Build.0 = Debug|Any CPU
		{38AC0A9C-2219-4231-95E8-DFEEBE99227C}.ExportDebug|Any CPU.ActiveCfg = ExportDebug|Any CPU
		{38AC0A9C-2219-4231-95E8-DFEEBE99227C}.ExportDebug|Any CPU.Build.0 = ExportDebug|Any CPU
		{38AC0A9C-2219-4231-95E8-DFEEBE99227C}.ExportRelease|Any CPU.ActiveCfg = ExportRelease|Any CPU
		{38AC0A9C-2219-4231-95E8-DFEEBE99227C}.ExportRelease|Any CPU.Build.0 = ExportRelease|Any CPU
	EndGlobalSection
EndGlobal
